Microsoft Visual Studio Solution File, Format Version 12.00
# Visual Studio Version 17
VisualStudioVersion = 17.5.2.0
MinimumVisualStudioVersion = 10.0.40219.1
Project("{FAE04EC0-301F-11D3-BF4B-00C04F79EFBC}") = "StringDeobfuscator", "StringDeobfuscator.csproj", "{633E8143-46EA-A51B-B4B8-2EF11509C86B}"
EndProject
Global
	GlobalSection(SolutionConfigurationPlatforms) = preSolution
		Debug|Any CPU = Debug|Any CPU
		Release|Any CPU = Release|Any CPU
	EndGlobalSection
	GlobalSection(ProjectConfigurationPlatforms) = postSolution
		{633E8143-46EA-A51B-B4B8-2EF11509C86B}.Debug|Any CPU.ActiveCfg = Debug|Any CPU
		{633E8143-46EA-A51B-B4B8-2EF11509C86B}.Debug|Any CPU.Build.0 = Debug|Any CPU
		{633E8143-46EA-A51B-B4B8-2EF11509C86B}.Release|Any CPU.ActiveCfg = Release|Any CPU
		{633E8143-46EA-A51B-B4B8-2EF11509C86B}.Release|Any CPU.Build.0 = Release|Any CPU
	EndGlobalSection
	GlobalSection(SolutionProperties) = preSolution
		HideSolutionNode = FALSE
	EndGlobalSection
	GlobalSection(ExtensibilityGlobals) = postSolution
		SolutionGuid = {7A909D86-1A20-4C2F-853F-BECA65E0A30A}
	EndGlobalSection
EndGlobal
